
Microsoft Visual Studio Solution File, Format Version 12.00
Project("{FAE04EC0-301F-11D3-BF4B-00C04F79EFBC}") = "GroceryCo", "GroceryCo\GroceryCo.csproj", "{505DFE0E-062E-4622-A2A6-7B078A5074F9}"
EndProject
Project("{FAE04EC0-301F-11D3-BF4B-00C04F79EFBC}") = "GroceryCo.Tests", "GroceryCo.Tests\GroceryCo.Tests.csproj", "{C4472488-4413-43E0-90E9-4C4466C0CF30}"
EndProject
Project("{FAE04EC0-301F-11D3-BF4B-00C04F79EFBC}") = "GroceryCo.Library", "GroceryCo.Library\GroceryCo.Library.csproj", "{BBF4F43F-F260-4A41-BB1B-5A6E9DF9B086}"
EndProject
Project("{FAE04EC0-301F-11D3-BF4B-00C04F79EFBC}") = "GroceryCo.Integration", "GroceryCo.Integration\GroceryCo.Integration.csproj", "{C4696E35-3264-4A6F-A2DE-FDA8F003111F}"
EndProject
Global
	GlobalSection(SolutionConfigurationPlatforms) = preSolution
		Debug|Any CPU = Debug|Any CPU
		Release|Any CPU = Release|Any CPU
	EndGlobalSection
	GlobalSection(ProjectConfigurationPlatforms) = postSolution
		{505DFE0E-062E-4622-A2A6-7B078A5074F9}.Debug|Any CPU.ActiveCfg = Debug|Any CPU
		{505DFE0E-062E-4622-A2A6-7B078A5074F9}.Debug|Any CPU.Build.0 = Debug|Any CPU
		{505DFE0E-062E-4622-A2A6-7B078A5074F9}.Release|Any CPU.ActiveCfg = Release|Any CPU
		{505DFE0E-062E-4622-A2A6-7B078A5074F9}.Release|Any CPU.Build.0 = Release|Any CPU
		{C4472488-4413-43E0-90E9-4C4466C0CF30}.Debug|Any CPU.ActiveCfg = Debug|Any CPU
		{C4472488-4413-43E0-90E9-4C4466C0CF30}.Debug|Any CPU.Build.0 = Debug|Any CPU
		{C4472488-4413-43E0-90E9-4C4466C0CF30}.Release|Any CPU.ActiveCfg = Release|Any CPU
		{C4472488-4413-43E0-90E9-4C4466C0CF30}.Release|Any CPU.Build.0 = Release|Any CPU
		{BBF4F43F-F260-4A41-BB1B-5A6E9DF9B086}.Debug|Any CPU.ActiveCfg = Debug|Any CPU
		{BBF4F43F-F260-4A41-BB1B-5A6E9DF9B086}.Debug|Any CPU.Build.0 = Debug|Any CPU
		{BBF4F43F-F260-4A41-BB1B-5A6E9DF9B086}.Release|Any CPU.ActiveCfg = Release|Any CPU
		{BBF4F43F-F260-4A41-BB1B-5A6E9DF9B086}.Release|Any CPU.Build.0 = Release|Any CPU
		{C4696E35-3264-4A6F-A2DE-FDA8F003111F}.Debug|Any CPU.ActiveCfg = Debug|Any CPU
		{C4696E35-3264-4A6F-A2DE-FDA8F003111F}.Debug|Any CPU.Build.0 = Debug|Any CPU
		{C4696E35-3264-4A6F-A2DE-FDA8F003111F}.Release|Any CPU.ActiveCfg = Release|Any CPU
		{C4696E35-3264-4A6F-A2DE-FDA8F003111F}.Release|Any CPU.Build.0 = Release|Any CPU
	EndGlobalSection
EndGlobal
